lockfileVersion: '9.0'

settings:
  autoInstallPeers: true
  excludeLinksFromLockfile: false

importers:

  .:
    dependencies:
      tslib:
        specifier: ^2.6.2
        version: 2.6.2
    devDependencies:
      '@rollup/plugin-replace':
        specifier: ^5.0.5
        version: 5.0.5(rollup@4.16.4)
      '@rollup/plugin-typescript':
        specifier: ^11.1.6
        version: 11.1.6(rollup@4.16.4)(tslib@2.6.2)(typescript@5.4.5)
      '@types/react':
        specifier: ^18.2.79
        version: 18.2.79
      '@types/react-dom':
        specifier: ^18.2.25
        version: 18.2.25
      magic-string:
        specifier: ^0.30.10
        version: 0.30.10
      prettier:
        specifier: ^3.2.5
        version: 3.2.5
      react:
        specifier: ^18.2.0
        version: 18.2.0
      react-dom:
        specifier: ^18.2.0
        version: 18.2.0(react@18.2.0)
      rimraf:
        specifier: ^5.0.5
        version: 5.0.5
      rollup:
        specifier: ^4.16.4
        version: 4.16.4
      tsc-alias:
        specifier: ^1.8.8
        version: 1.8.8
      typescript:
        specifier: ^5.4.5
        version: 5.4.5

packages:

  '@isaacs/cliui@8.0.2':
    resolution: {integrity: sha512-O8jcjabXaleOG9DQ0+ARXWZBTfnP4WNAqzuiJK7ll44AmxGKv/J2M4TPjxjY3znBCfvBXFzucm1twdyFybFqEA==}
    engines: {node: '>=12'}

  '@jridgewell/sourcemap-codec@1.4.15':
    resolution: {integrity: sha512-eF2rxCRulEKXHTRiDrDy6erMYWqNw4LPdQ8UQA4huuxaQsVeRPFl2oM8oDGxMFhJUWZf9McpLtJasDDZb/Bpeg==}

  '@nodelib/fs.scandir@2.1.5':
    resolution: {integrity: sha512-vq24Bq3ym5HEQm2NKCr3yXDwjc7vTsEThRDnkp2DK9p1uqLR+DHurm/NOTo0KG7HYHU7eppKZj3MyqYuMBf62g==}
    engines: {node: '>= 8'}

  '@nodelib/fs.stat@2.0.5':
    resolution: {integrity: sha512-RkhPPp2zrqDAQA/2jNhnztcPAlv64XdhIp7a7454A5ovI7Bukxgt7MX7udwAu3zg1DcpPU0rz3VV1SeaqvY4+A==}
    engines: {node: '>= 8'}

  '@nodelib/fs.walk@1.2.8':
    resolution: {integrity: sha512-oGB+UxlgWcgQkgwo8GcEGwemoTFt3FIO9ababBmaGwXIoBKZ+GTy0pP185beGg7Llih/NSHSV2XAs1lnznocSg==}
    engines: {node: '>= 8'}

  '@pkgjs/parseargs@0.11.0':
    resolution: {integrity: sha512-+1VkjdD0QBLPodGrJUeqarH8VAIvQODIbwh9XpP5Syisf7YoQgsJKPNFoqqLQlu+VQ/tVSshMR6loPMn8U+dPg==}
    engines: {node: '>=14'}

  '@rollup/plugin-replace@5.0.5':
    resolution: {integrity: sha512-rYO4fOi8lMaTg/z5Jb+hKnrHHVn8j2lwkqwyS4kTRhKyWOLf2wST2sWXr4WzWiTcoHTp2sTjqUbqIj2E39slKQ==}
    engines: {node: '>=14.0.0'}
    peerDependencies:
      rollup: ^1.20.0||^2.0.0||^3.0.0||^4.0.0
    peerDependenciesMeta:
      rollup:
        optional: true

  '@rollup/plugin-typescript@11.1.6':
    resolution: {integrity: sha512-R92yOmIACgYdJ7dJ97p4K69I8gg6IEHt8M7dUBxN3W6nrO8uUxX5ixl0yU/N3aZTi8WhPuICvOHXQvF6FaykAA==}
    engines: {node: '>=14.0.0'}
    peerDependencies:
      rollup: ^2.14.0||^3.0.0||^4.0.0
      tslib: '*'
      typescript: '>=3.7.0'
    peerDependenciesMeta:
      rollup:
        optional: true
      tslib:
        optional: true

  '@rollup/pluginutils@5.1.0':
    resolution: {integrity: sha512-XTIWOPPcpvyKI6L1NHo0lFlCyznUEyPmPY1mc3KpPVDYulHSTvyeLNVW00QTLIAFNhR3kYnJTQHeGqU4M3n09g==}
    engines: {node: '>=14.0.0'}
    peerDependencies:
      rollup: ^1.20.0||^2.0.0||^3.0.0||^4.0.0
    peerDependenciesMeta:
      rollup:
        optional: true

  '@rollup/rollup-android-arm-eabi@4.16.4':
    resolution: {integrity: sha512-GkhjAaQ8oUTOKE4g4gsZ0u8K/IHU1+2WQSgS1TwTcYvL+sjbaQjNHFXbOJ6kgqGHIO1DfUhI/Sphi9GkRT9K+Q==}
    cpu: [arm]
    os: [android]

  '@rollup/rollup-android-arm64@4.16.4':
    resolution: {integrity: sha512-Bvm6D+NPbGMQOcxvS1zUl8H7DWlywSXsphAeOnVeiZLQ+0J6Is8T7SrjGTH29KtYkiY9vld8ZnpV3G2EPbom+w==}
    cpu: [arm64]
    os: [android]

  '@rollup/rollup-darwin-arm64@4.16.4':
    resolution: {integrity: sha512-i5d64MlnYBO9EkCOGe5vPR/EeDwjnKOGGdd7zKFhU5y8haKhQZTN2DgVtpODDMxUr4t2K90wTUJg7ilgND6bXw==}
    cpu: [arm64]
    os: [darwin]

  '@rollup/rollup-darwin-x64@4.16.4':
    resolution: {integrity: sha512-WZupV1+CdUYehaZqjaFTClJI72fjJEgTXdf4NbW69I9XyvdmztUExBtcI2yIIU6hJtYvtwS6pkTkHJz+k08mAQ==}
    cpu: [x64]
    os: [darwin]

  '@rollup/rollup-linux-arm-gnueabihf@4.16.4':
    resolution: {integrity: sha512-ADm/xt86JUnmAfA9mBqFcRp//RVRt1ohGOYF6yL+IFCYqOBNwy5lbEK05xTsEoJq+/tJzg8ICUtS82WinJRuIw==}
    cpu: [arm]
    os: [linux]

  '@rollup/rollup-linux-arm-musleabihf@4.16.4':
    resolution: {integrity: sha512-tJfJaXPiFAG+Jn3cutp7mCs1ePltuAgRqdDZrzb1aeE3TktWWJ+g7xK9SNlaSUFw6IU4QgOxAY4rA+wZUT5Wfg==}
    cpu: [arm]
    os: [linux]

  '@rollup/rollup-linux-arm64-gnu@4.16.4':
    resolution: {integrity: sha512-7dy1BzQkgYlUTapDTvK997cgi0Orh5Iu7JlZVBy1MBURk7/HSbHkzRnXZa19ozy+wwD8/SlpJnOOckuNZtJR9w==}
    cpu: [arm64]
    os: [linux]

  '@rollup/rollup-linux-arm64-musl@4.16.4':
    resolution: {integrity: sha512-zsFwdUw5XLD1gQe0aoU2HVceI6NEW7q7m05wA46eUAyrkeNYExObfRFQcvA6zw8lfRc5BHtan3tBpo+kqEOxmg==}
    cpu: [arm64]
    os: [linux]

  '@rollup/rollup-linux-powerpc64le-gnu@4.16.4':
    resolution: {integrity: sha512-p8C3NnxXooRdNrdv6dBmRTddEapfESEUflpICDNKXpHvTjRRq1J82CbU5G3XfebIZyI3B0s074JHMWD36qOW6w==}
    cpu: [ppc64]
    os: [linux]

  '@rollup/rollup-linux-riscv64-gnu@4.16.4':
    resolution: {integrity: sha512-Lh/8ckoar4s4Id2foY7jNgitTOUQczwMWNYi+Mjt0eQ9LKhr6sK477REqQkmy8YHY3Ca3A2JJVdXnfb3Rrwkng==}
    cpu: [riscv64]
    os: [linux]

  '@rollup/rollup-linux-s390x-gnu@4.16.4':
    resolution: {integrity: sha512-1xwwn9ZCQYuqGmulGsTZoKrrn0z2fAur2ujE60QgyDpHmBbXbxLaQiEvzJWDrscRq43c8DnuHx3QorhMTZgisQ==}
    cpu: [s390x]
    os: [linux]

  '@rollup/rollup-linux-x64-gnu@4.16.4':
    resolution: {integrity: sha512-LuOGGKAJ7dfRtxVnO1i3qWc6N9sh0Em/8aZ3CezixSTM+E9Oq3OvTsvC4sm6wWjzpsIlOCnZjdluINKESflJLA==}
    cpu: [x64]
    os: [linux]

  '@rollup/rollup-linux-x64-musl@4.16.4':
    resolution: {integrity: sha512-ch86i7KkJKkLybDP2AtySFTRi5fM3KXp0PnHocHuJMdZwu7BuyIKi35BE9guMlmTpwwBTB3ljHj9IQXnTCD0vA==}
    cpu: [x64]
    os: [linux]

  '@rollup/rollup-win32-arm64-msvc@4.16.4':
    resolution: {integrity: sha512-Ma4PwyLfOWZWayfEsNQzTDBVW8PZ6TUUN1uFTBQbF2Chv/+sjenE86lpiEwj2FiviSmSZ4Ap4MaAfl1ciF4aSA==}
    cpu: [arm64]
    os: [win32]

  '@rollup/rollup-win32-ia32-msvc@4.16.4':
    resolution: {integrity: sha512-9m/ZDrQsdo/c06uOlP3W9G2ENRVzgzbSXmXHT4hwVaDQhYcRpi9bgBT0FTG9OhESxwK0WjQxYOSfv40cU+T69w==}
    cpu: [ia32]
    os: [win32]

  '@rollup/rollup-win32-x64-msvc@4.16.4':
    resolution: {integrity: sha512-YunpoOAyGLDseanENHmbFvQSfVL5BxW3k7hhy0eN4rb3gS/ct75dVD0EXOWIqFT/nE8XYW6LP6vz6ctKRi0k9A==}
    cpu: [x64]
    os: [win32]

  '@types/estree@1.0.5':
    resolution: {integrity: sha512-/kYRxGDLWzHOB7q+wtSUQlFrtcdUccpfy+X+9iMBpHK8QLLhx2wIPYuS5DYtR9Wa/YlZAbIovy7qVdB1Aq6Lyw==}

  '@types/prop-types@15.7.12':
    resolution: {integrity: sha512-5zvhXYtRNRluoE/jAp4GVsSduVUzNWKkOZrCDBWYtE7biZywwdC2AcEzg+cSMLFRfVgeAFqpfNabiPjxFddV1Q==}

  '@types/react-dom@18.2.25':
    resolution: {integrity: sha512-o/V48vf4MQh7juIKZU2QGDfli6p1+OOi5oXx36Hffpc9adsHeXjVp8rHuPkjd8VT8sOJ2Zp05HR7CdpGTIUFUA==}

  '@types/react@18.2.79':
    resolution: {integrity: sha512-RwGAGXPl9kSXwdNTafkOEuFrTBD5SA2B3iEB96xi8+xu5ddUa/cpvyVCSNn+asgLCTHkb5ZxN8gbuibYJi4s1w==}

  ansi-regex@5.0.1:
    resolution: {integrity: sha512-quJQXlTSUGL2LH9SUXo8VwsY4soanhgo6LNSm84E1LBcE8s3O0wpdiRzyR9z/ZZJMlMWv37qOOb9pdJlMUEKFQ==}
    engines: {node: '>=8'}

  ansi-regex@6.0.1:
    resolution: {integrity: sha512-n5M855fKb2SsfMIiFFoVrABHJC8QtHwVx+mHWP3QcEqBHYienj5dHSgjbxtC0WEZXYt4wcD6zrQElDPhFuZgfA==}
    engines: {node: '>=12'}

  ansi-styles@4.3.0:
    resolution: {integrity: sha512-zbB9rCJAT1rbjiVDb2hqKFHNYLxgtk8NURxZ3IZwD3F6NtxbXZQCnnSi1Lkx+IDohdPlFp222wVALIheZJQSEg==}
    engines: {node: '>=8'}

  ansi-styles@6.2.1:
    resolution: {integrity: sha512-bN798gFfQX+viw3R7yrGWRqnrN2oRkEkUjjl4JNn4E8GxxbjtG3FbrEIIY3l8/hrwUwIeCZvi4QuOTP4MErVug==}
    engines: {node: '>=12'}

  anymatch@3.1.3:
    resolution: {integrity: sha512-KMReFUr0B4t+D+OBkjR3KYqvocp2XaSzO55UcB6mgQMd3KbcE+mWTyvVV7D/zsdEbNnV6acZUutkiHQXvTr1Rw==}
    engines: {node: '>= 8'}

  array-union@2.1.0:
    resolution: {integrity: sha512-HGyxoOTYUyCM6stUe6EJgnd4EoewAI7zMdfqO+kGjnlZmBDz/cR5pf8r/cR4Wq60sL/p0IkcjUEEPwS3GFrIyw==}
    engines: {node: '>=8'}

  balanced-match@1.0.2:
    resolution: {integrity: sha512-3oSeUO0TMV67hN1AmbXsK4yaqU7tjiHlbxRDZOpH0KW9+CeX4bRAaX0Anxt0tx2MrpRpWwQaPwIlISEJhYU5Pw==}

  binary-extensions@2.3.0:
    resolution: {integrity: sha512-Ceh+7ox5qe7LJuLHoY0feh3pHuUDHAcRUeyL2VYghZwfpkNIy/+8Ocg0a3UuSoYzavmylwuLWQOf3hl0jjMMIw==}
    engines: {node: '>=8'}

  brace-expansion@2.0.1:
    resolution: {integrity: sha512-XnAIvQ8eM+kC6aULx6wuQiwVsnzsi9d3WxzV3FpWTGA19F621kwdbsAcFKXgKUHZWsy+mY6iL1sHTxWEFCytDA==}

  braces@3.0.2:
    resolution: {integrity: sha512-b8um+L1RzM3WDSzvhm6gIz1yfTbBt6YTlcEKAvsmqCZZFw46z626lVj9j1yEPW33H5H+lBQpZMP1k8l+78Ha0A==}
    engines: {node: '>=8'}

  chokidar@3.6.0:
    resolution: {integrity: sha512-7VT13fmjotKpGipCW9JEQAusEPE+Ei8nl6/g4FBAmIm0GOOLMua9NDDo/DWp0ZAxCr3cPq5ZpBqmPAQgDda2Pw==}
    engines: {node: '>= 8.10.0'}

  color-convert@2.0.1:
    resolution: {integrity: sha512-RRECPsj7iu/xb5oKYcsFHSppFNnsj/52OVTRKb4zP5onXwVF3zVmmToNcOfGC+CRDpfK/U584fMg38ZHCaElKQ==}
    engines: {node: '>=7.0.0'}

  color-name@1.1.4:
    resolution: {integrity: sha512-dOy+3AuW3a2wNbZHIuMZpTcgjGuLU/uBL/ubcZF9OXbDo8ff4O8yVp5Bf0efS8uEoYo5q4Fx7dY9OgQGXgAsQA==}

  commander@9.5.0:
    resolution: {integrity: sha512-KRs7WVDKg86PWiuAqhDrAQnTXZKraVcCc6vFdL14qrZ/DcWwuRo7VoiYXalXO7S5GKpqYiVEwCbgFDfxNHKJBQ==}
    engines: {node: ^12.20.0 || >=14}

  cross-spawn@7.0.3:
    resolution: {integrity: sha512-iRDPJKUPVEND7dHPO8rkbOnPpyDygcDFtWjpeWNCgy8WP2rXcxXL8TskReQl6OrB2G7+UJrags1q15Fudc7G6w==}
    engines: {node: '>= 8'}

  csstype@3.1.3:
    resolution: {integrity: sha512-M1uQkMl8rQK/szD0LNhtqxIPLpimGm8sOBwU7lLnCpSbTyY3yeU1Vc7l4KT5zT4s/yOxHH5O7tIuuLOCnLADRw==}

  dir-glob@3.0.1:
    resolution: {integrity: sha512-WkrWp9GR4KXfKGYzOLmTuGVi1UWFfws377n9cc55/tb6DuqyF6pcQ5AbiHEshaDpY9v6oaSr2XCDidGmMwdzIA==}
    engines: {node: '>=8'}

  eastasianwidth@0.2.0:
    resolution: {integrity: sha512-I88TYZWc9XiYHRQ4/3c5rjjfgkjhLyW2luGIheGERbNQ6OY7yTybanSpDXZa8y7VUP9YmDcYa+eyq4ca7iLqWA==}

  emoji-regex@8.0.0:
    resolution: {integrity: sha512-MSjYzcWNOA0ewAHpz0MxpYFvwg6yjy1NG3xteoqz644VCo/RPgnr1/GGt+ic3iJTzQ8Eu3TdM14SawnVUmGE6A==}

  emoji-regex@9.2.2:
    resolution: {integrity: sha512-L18DaJsXSUk2+42pv8mLs5jJT2hqFkFE4j21wOmgbUqsZ2hL72NsUU785g9RXgo3s0ZNgVl42TiHp3ZtOv/Vyg==}

  estree-walker@2.0.2:
    resolution: {integrity: sha512-Rfkk/Mp/DL7JVje3u18FxFujQlTNR2q6QfMSMB7AvCBx91NGj/ba3kCfza0f6dVDbw7YlRf/nDrn7pQrCCyQ/w==}

  fast-glob@3.3.2:
    resolution: {integrity: sha512-oX2ruAFQwf/Orj8m737Y5adxDQO0LAB7/S5MnxCdTNDd4p6BsyIVsv9JQsATbTSq8KHRpLwIHbVlUNatxd+1Ow==}
    engines: {node: '>=8.6.0'}

  fastq@1.17.1:
    resolution: {integrity: sha512-sRVD3lWVIXWg6By68ZN7vho9a1pQcN/WBFaAAsDDFzlJjvoGx0P8z7V1t72grFJfJhu3YPZBuu25f7Kaw2jN1w==}

  fill-range@7.0.1:
    resolution: {integrity: sha512-qOo9F+dMUmC2Lcb4BbVvnKJxTPjCm+RRpe4gDuGrzkL7mEVl/djYSu2OdQ2Pa302N4oqkSg9ir6jaLWJ2USVpQ==}
    engines: {node: '>=8'}

  foreground-child@3.1.1:
    resolution: {integrity: sha512-TMKDUnIte6bfb5nWv7V/caI169OHgvwjb7V4WkeUvbQQdjr5rWKqHFiKWb/fcOwB+CzBT+qbWjvj+DVwRskpIg==}
    engines: {node: '>=14'}

  fsevents@2.3.3:
    resolution: {integrity: sha512-5xoDfX+fL7faATnagmWPpbFtwh/R77WmMMqqHGS65C3vvB0YHrgF+B1YmZ3441tMj5n63k0212XNoJwzlhffQw==}
    engines: {node: ^8.16.0 || ^10.6.0 || >=11.0.0}
    os: [darwin]

  function-bind@1.1.2:
    resolution: {integrity: sha512-7XHNxH7qX9xG5mIwxkhumTox/MIRNcOgDrxWsMt2pAr23WHp6MrRlN7FBSFpCpr+oVO0F744iUgR82nJMfG2SA==}

  glob-parent@5.1.2:
    resolution: {integrity: sha512-AOIgSQCepiJYwP3ARnGx+5VnTu2HBYdzbGP45eLw1vr3zB3vZLeyed1sC9hnbcOc9/SrMyM5RPQrkGz4aS9Zow==}
    engines: {node: '>= 6'}

  glob@10.3.12:
    resolution: {integrity: sha512-TCNv8vJ+xz4QiqTpfOJA7HvYv+tNIRHKfUWw/q+v2jdgN4ebz+KY9tGx5J4rHP0o84mNP+ApH66HRX8us3Khqg==}
    engines: {node: '>=16 || 14 >=14.17'}
    hasBin: true

  globby@11.1.0:
    resolution: {integrity: sha512-jhIXaOzy1sb8IyocaruWSn1TjmnBVs8Ayhcy83rmxNJ8q2uWKCAj3CnJY+KpGSXCueAPc0i05kVvVKtP1t9S3g==}
    engines: {node: '>=10'}

  hasown@2.0.2:
    resolution: {integrity: sha512-0hJU9SCPvmMzIBdZFqNPXWa6dqh7WdH0cII9y+CyS8rG3nL48Bclra9HmKhVVUHyPWNH5Y7xDwAB7bfgSjkUMQ==}
    engines: {node: '>= 0.4'}

  ignore@5.3.1:
    resolution: {integrity: sha512-5Fytz/IraMjqpwfd34ke28PTVMjZjJG2MPn5t7OE4eUCUNf8BAa7b5WUS9/Qvr6mwOQS7Mk6vdsMno5he+T8Xw==}
    engines: {node: '>= 4'}

  is-binary-path@2.1.0:
    resolution: {integrity: sha512-ZMERYes6pDydyuGidse7OsHxtbI7WVeUEozgR/g7rd0xUimYNlvZRE/K2MgZTjWy725IfelLeVcEM97mmtRGXw==}
    engines: {node: '>=8'}

  is-core-module@2.13.1:
    resolution: {integrity: sha512-hHrIjvZsftOsvKSn2TRYl63zvxsgE0K+0mYMoH6gD4omR5IWB2KynivBQczo3+wF1cCkjzvptnI9Q0sPU66ilw==}

  is-extglob@2.1.1:
    resolution: {integrity: sha512-SbKbANkN603Vi4jEZv49LeVJMn4yGwsbzZworEoyEiutsN3nJYdbO36zfhGJ6QEDpOZIFkDtnq5JRxmvl3jsoQ==}
    engines: {node: '>=0.10.0'}

  is-fullwidth-code-point@3.0.0:
    resolution: {integrity: sha512-zymm5+u+sCsSWyD9qNaejV3DFvhCKclKdizYaJUuHA83RLjb7nSuGnddCHGv0hk+KY7BMAlsWeK4Ueg6EV6XQg==}
    engines: {node: '>=8'}

  is-glob@4.0.3:
    resolution: {integrity: sha512-xelSayHH36ZgE7ZWhli7pW34hNbNl8Ojv5KVmkJD4hBdD3th8Tfk9vYasLM+mXWOZhFkgZfxhLSnrwRr4elSSg==}
    engines: {node: '>=0.10.0'}

  is-number@7.0.0:
    resolution: {integrity: sha512-41Cifkg6e8TylSpdtTpeLVMqvSBEVzTttHvERD741+pnZ8ANv0004MRL43QKPDlK9cGvNp6NZWZUBlbGXYxxng==}
    engines: {node: '>=0.12.0'}

  isexe@2.0.0:
    resolution: {integrity: sha512-RHxMLp9lnKHGHRng9QFhRCMbYAcVpn69smSGcq3f36xjgVVWThj4qqLbTLlq7Ssj8B+fIQ1EuCEGI2lKsyQeIw==}

  jackspeak@2.3.6:
    resolution: {integrity: sha512-N3yCS/NegsOBokc8GAdM8UcmfsKiSS8cipheD/nivzr700H+nsMOxJjQnvwOcRYVuFkdH0wGUvW2WbXGmrZGbQ==}
    engines: {node: '>=14'}

  js-tokens@4.0.0:
    resolution: {integrity: sha512-RdJUflcE3cUzKiMqQgsCu06FPu9UdIJO0beYbPhHN4k6apgJtifcoCtT9bcxOpYBtpD2kCM6Sbzg4CausW/PKQ==}

  loose-envify@1.4.0:
    resolution: {integrity: sha512-lyuxPGr/Wfhrlem2CL/UcnUc1zcqKAImBDzukY7Y5F/yQiNdko6+fRLevlw1HgMySw7f611UIY408EtxRSoK3Q==}
    hasBin: true

  lru-cache@10.2.0:
    resolution: {integrity: sha512-2bIM8x+VAf6JT4bKAljS1qUWgMsqZRPGJS6FSahIMPVvctcNhyVp7AJu7quxOW9jwkryBReKZY5tY5JYv2n/7Q==}
    engines: {node: 14 || >=16.14}

  magic-string@0.30.10:
    resolution: {integrity: sha512-iIRwTIf0QKV3UAnYK4PU8uiEc4SRh5jX0mwpIwETPpHdhVM4f53RSwS/vXvN1JhGX+Cs7B8qIq3d6AH49O5fAQ==}

  merge2@1.4.1:
    resolution: {integrity: sha512-8q7VEgMJW4J8tcfVPy8g09NcQwZdbwFEqhe/WZkoIzjn/3TGDwtOCYtXGxA3O8tPzpczCCDgv+P2P5y00ZJOOg==}
    engines: {node: '>= 8'}

  micromatch@4.0.5:
    resolution: {integrity: sha512-DMy+ERcEW2q8Z2Po+WNXuw3c5YaUSFjAO5GsJqfEl7UjvtIuFKO6ZrKvcItdy98dwFI2N1tg3zNIdKaQT+aNdA==}
    engines: {node: '>=8.6'}

  minimatch@9.0.4:
    resolution: {integrity: sha512-KqWh+VchfxcMNRAJjj2tnsSJdNbHsVgnkBhTNrW7AjVo6OvLtxw8zfT9oLw1JSohlFzJ8jCoTgaoXvJ+kHt6fw==}
    engines: {node: '>=16 || 14 >=14.17'}

  minipass@7.0.4:
    resolution: {integrity: sha512-jYofLM5Dam9279rdkWzqHozUo4ybjdZmCsDHePy5V/PbBcVMiSZR97gmAy45aqi8CK1lG2ECd356FU86avfwUQ==}
    engines: {node: '>=16 || 14 >=14.17'}

  mylas@2.1.13:
    resolution: {integrity: sha512-+MrqnJRtxdF+xngFfUUkIMQrUUL0KsxbADUkn23Z/4ibGg192Q+z+CQyiYwvWTsYjJygmMR8+w3ZDa98Zh6ESg==}
    engines: {node: '>=12.0.0'}

  normalize-path@3.0.0:
    resolution: {integrity: sha512-6eZs5Ls3WtCisHWp9S2GUy8dqkpGi4BVSz3GaqiE6ezub0512ESztXUwUB6C6IKbQkY2Pnb/mD4WYojCRwcwLA==}
    engines: {node: '>=0.10.0'}

  path-key@3.1.1:
    resolution: {integrity: sha512-ojmeN0qd+y0jszEtoY48r0Peq5dwMEkIlCOu6Q5f41lfkswXuKtYrhgoTpLnyIcHm24Uhqx+5Tqm2InSwLhE6Q==}
    engines: {node: '>=8'}

  path-parse@1.0.7:
    resolution: {integrity: sha512-LDJzPVEEEPR+y48z93A0Ed0yXb8pAByGWo/k5YYdYgpY2/2EsOsksJrq7lOHxryrVOn1ejG6oAp8ahvOIQD8sw==}

  path-scurry@1.10.2:
    resolution: {integrity: sha512-7xTavNy5RQXnsjANvVvMkEjvloOinkAjv/Z6Ildz9v2RinZ4SBKTWFOVRbaF8p0vpHnyjV/UwNDdKuUv6M5qcA==}
    engines: {node: '>=16 || 14 >=14.17'}

  path-type@4.0.0:
    resolution: {integrity: sha512-gDKb8aZMDeD/tZWs9P6+q0J9Mwkdl6xMV8TjnGP3qJVJ06bdMgkbBlLU8IdfOsIsFz2BW1rNVT3XuNEl8zPAvw==}
    engines: {node: '>=8'}

  picomatch@2.3.1:
    resolution: {integrity: sha512-JU3teHTNjmE2VCGFzuY8EXzCDVwEqB2a8fsIvwaStHhAWJEeVd1o1QD80CU6+ZdEXXSLbSsuLwJjkCBWqRQUVA==}
    engines: {node: '>=8.6'}

  plimit-lit@1.6.1:
    resolution: {integrity: sha512-B7+VDyb8Tl6oMJT9oSO2CW8XC/T4UcJGrwOVoNGwOQsQYhlpfajmrMj5xeejqaASq3V/EqThyOeATEOMuSEXiA==}
    engines: {node: '>=12'}

  prettier@3.2.5:
    resolution: {integrity: sha512-3/GWa9aOC0YeD7LUfvOG2NiDyhOWRvt1k+rcKhOuYnMY24iiCphgneUfJDyFXd6rZCAnuLBv6UeAULtrhT/F4A==}
    engines: {node: '>=14'}
    hasBin: true

  queue-lit@1.5.2:
    resolution: {integrity: sha512-tLc36IOPeMAubu8BkW8YDBV+WyIgKlYU7zUNs0J5Vk9skSZ4JfGlPOqplP0aHdfv7HL0B2Pg6nwiq60Qc6M2Hw==}
    engines: {node: '>=12'}

  queue-microtask@1.2.3:
    resolution: {integrity: sha512-NuaNSa6flKT5JaSYQzJok04JzTL1CA6aGhv5rfLW3PgqA+M2ChpZQnAC8h8i4ZFkBS8X5RqkDBHA7r4hej3K9A==}

  react-dom@18.2.0:
    resolution: {integrity: sha512-6IMTriUmvsjHUjNtEDudZfuDQUoWXVxKHhlEGSk81n4YFS+r/Kl99wXiwlVXtPBtJenozv2P+hxDsw9eA7Xo6g==}
    peerDependencies:
      react: ^18.2.0

  react@18.2.0:
    resolution: {integrity: sha512-/3IjMdb2L9QbBdWiW5e3P2/npwMBaU9mHCSCUzNln0ZCYbcfTsGbTJrU/kGemdH2IWmB2ioZ+zkxtmq6g09fGQ==}
    engines: {node: '>=0.10.0'}

  readdirp@3.6.0:
    resolution: {integrity: sha512-hOS089on8RduqdbhvQ5Z37A0ESjsqz6qnRcffsMU3495FuTdqSm+7bhJ29JvIOsBDEEnan5DPu9t3To9VRlMzA==}
    engines: {node: '>=8.10.0'}

  resolve@1.22.8:
    resolution: {integrity: sha512-oKWePCxqpd6FlLvGV1VU0x7bkPmmCNolxzjMf4NczoDnQcIWrAF+cPtZn5i6n+RfD2d9i0tzpKnG6Yk168yIyw==}
    hasBin: true

  reusify@1.0.4:
    resolution: {integrity: sha512-U9nH88a3fc/ekCF1l0/UP1IosiuIjyTh7hBvXVMHYgVcfGvt897Xguj2UOLDeI5BG2m7/uwyaLVT6fbtCwTyzw==}
    engines: {iojs: '>=1.0.0', node: '>=0.10.0'}

  rimraf@5.0.5:
    resolution: {integrity: sha512-CqDakW+hMe/Bz202FPEymy68P+G50RfMQK+Qo5YUqc9SPipvbGjCGKd0RSKEelbsfQuw3g5NZDSrlZZAJurH1A==}
    engines: {node: '>=14'}
    hasBin: true

  rollup@4.16.4:
    resolution: {integrity: sha512-kuaTJSUbz+Wsb2ATGvEknkI12XV40vIiHmLuFlejoo7HtDok/O5eDDD0UpCVY5bBX5U5RYo8wWP83H7ZsqVEnA==}
    engines: {node: '>=18.0.0', npm: '>=8.0.0'}
    hasBin: true

  run-parallel@1.2.0:
    resolution: {integrity: sha512-5l4VyZR86LZ/lDxZTR6jqL8AFE2S0IFLMP26AbjsLVADxHdhB/c0GUsH+y39UfCi3dzz8OlQuPmnaJOMoDHQBA==}

  scheduler@0.23.0:
    resolution: {integrity: sha512-CtuThmgHNg7zIZWAXi3AsyIzA3n4xx7aNyjwC2VJldO2LMVDhFK+63xGqq6CsJH4rTAt6/M+N4GhZiDYPx9eUw==}

  shebang-command@2.0.0:
    resolution: {integrity: sha512-kHxr2zZpYtdmrN1qDjrrX/Z1rR1kG8Dx+gkpK1G4eXmvXswmcE1hTWBWYUzlraYw1/yZp6YuDY77YtvbN0dmDA==}
    engines: {node: '>=8'}

  shebang-regex@3.0.0:
    resolution: {integrity: sha512-7++dFhtcx3353uBaq8DDR4NuxBetBzC7ZQOhmTQInHEd6bSrXdiEyzCvG07Z44UYdLShWUyXt5M/yhz8ekcb1A==}
    engines: {node: '>=8'}

  signal-exit@4.1.0:
    resolution: {integrity: sha512-bzyZ1e88w9O1iNJbKnOlvYTrWPDl46O1bG0D3XInv+9tkPrxrN8jUUTiFlDkkmKWgn1M6CfIA13SuGqOa9Korw==}
    engines: {node: '>=14'}

  slash@3.0.0:
    resolution: {integrity: sha512-g9Q1haeby36OSStwb4ntCGGGaKsaVSjQ68fBxoQcutl5fS1vuY18H3wSt3jFyFtrkx+Kz0V1G85A4MyAdDMi2Q==}
    engines: {node: '>=8'}

  string-width@4.2.3:
    resolution: {integrity: sha512-wKyQRQpjJ0sIp62ErSZdGsjMJWsap5oRNihHhu6G7JVO/9jIB6UyevL+tXuOqrng8j/cxKTWyWUwvSTriiZz/g==}
    engines: {node: '>=8'}

  string-width@5.1.2:
    resolution: {integrity: sha512-HnLOCR3vjcY8beoNLtcjZ5/nxn2afmME6lhrDrebokqMap+XbeW8n9TXpPDOqdGK5qcI3oT0GKTW6wC7EMiVqA==}
    engines: {node: '>=12'}

  strip-ansi@6.0.1:
    resolution: {integrity: sha512-Y38VPSHcqkFrCpFnQ9vuSXmquuv5oXOKpGeT6aGrr3o3Gc9AlVa6JBfUSOCnbxGGZF+/0ooI7KrPuUSztUdU5A==}
    engines: {node: '>=8'}

  strip-ansi@7.1.0:
    resolution: {integrity: sha512-iq6eVVI64nQQTRYq2KtEg2d2uU7LElhTJwsH4YzIHZshxlgZms/wIc4VoDQTlG/IvVIrBKG06CrZnp0qv7hkcQ==}
    engines: {node: '>=12'}

  supports-preserve-symlinks-flag@1.0.0:
    resolution: {integrity: sha512-ot0WnXS9fgdkgIcePe6RHNk1WA8+muPa6cSjeR3V8K27q9BB1rTE3R1p7Hv0z1ZyAc8s6Vvv8DIyWf681MAt0w==}
    engines: {node: '>= 0.4'}

  to-regex-range@5.0.1:
    resolution: {integrity: sha512-65P7iz6X5yEr1cwcgvQxbbIw7Uk3gOy5dIdtZ4rDveLqhrdJP+Li/Hx6tyK0NEb+2GCyneCMJiGqrADCSNk8sQ==}
    engines: {node: '>=8.0'}

  tsc-alias@1.8.8:
    resolution: {integrity: sha512-OYUOd2wl0H858NvABWr/BoSKNERw3N9GTi3rHPK8Iv4O1UyUXIrTTOAZNHsjlVpXFOhpJBVARI1s+rzwLivN3Q==}
    hasBin: true

  tslib@2.6.2:
    resolution: {integrity: sha512-AEYxH93jGFPn/a2iVAwW87VuUIkR1FVUKB77NwMF7nBTDkDrrT/Hpt/IrCJ0QXhW27jTBDcf5ZY7w6RiqTMw2Q==}

  typescript@5.4.5:
    resolution: {integrity: sha512-vcI4UpRgg81oIRUFwR0WSIHKt11nJ7SAVlYNIu+QpqeyXP+gpQJy/Z4+F0aGxSE4MqwjyXvW/TzgkLAx2AGHwQ==}
    engines: {node: '>=14.17'}
    hasBin: true

  which@2.0.2:
    resolution: {integrity: sha512-BLI3Tl1TW3Pvl70l3yq3Y64i+awpwXqsGBYWkkqMtnbXgrMD+yj7rhW0kuEDxzJaYXGjEW5ogapKNMEKNMjibA==}
    engines: {node: '>= 8'}
    hasBin: true

  wrap-ansi@7.0.0:
    resolution: {integrity: sha512-YVGIj2kamLSTxw6NsZjoBxfSwsn0ycdesmc4p+Q21c5zPuZ1pl+NfxVdxPtdHvmNVOQ6XSYG4AUtyt/Fi7D16Q==}
    engines: {node: '>=10'}

  wrap-ansi@8.1.0:
    resolution: {integrity: sha512-si7QWI6zUMq56bESFvagtmzMdGOtoxfR+Sez11Mobfc7tm+VkUckk9bW2UeffTGVUbOksxmSw0AA2gs8g71NCQ==}
    engines: {node: '>=12'}

snapshots:

  '@isaacs/cliui@8.0.2':
    dependencies:
      string-width: 5.1.2
      string-width-cjs: string-width@4.2.3
      strip-ansi: 7.1.0
      strip-ansi-cjs: strip-ansi@6.0.1
      wrap-ansi: 8.1.0
      wrap-ansi-cjs: wrap-ansi@7.0.0

  '@jridgewell/sourcemap-codec@1.4.15': {}

  '@nodelib/fs.scandir@2.1.5':
    dependencies:
      '@nodelib/fs.stat': 2.0.5
      run-parallel: 1.2.0

  '@nodelib/fs.stat@2.0.5': {}

  '@nodelib/fs.walk@1.2.8':
    dependencies:
      '@nodelib/fs.scandir': 2.1.5
      fastq: 1.17.1

  '@pkgjs/parseargs@0.11.0':
    optional: true

  '@rollup/plugin-replace@5.0.5(rollup@4.16.4)':
    dependencies:
      '@rollup/pluginutils': 5.1.0(rollup@4.16.4)
      magic-string: 0.30.10
    optionalDependencies:
      rollup: 4.16.4

  '@rollup/plugin-typescript@11.1.6(rollup@4.16.4)(tslib@2.6.2)(typescript@5.4.5)':
    dependencies:
      '@rollup/pluginutils': 5.1.0(rollup@4.16.4)
      resolve: 1.22.8
      typescript: 5.4.5
    optionalDependencies:
      rollup: 4.16.4
      tslib: 2.6.2

  '@rollup/pluginutils@5.1.0(rollup@4.16.4)':
    dependencies:
      '@types/estree': 1.0.5
      estree-walker: 2.0.2
      picomatch: 2.3.1
    optionalDependencies:
      rollup: 4.16.4

  '@rollup/rollup-android-arm-eabi@4.16.4':
    optional: true

  '@rollup/rollup-android-arm64@4.16.4':
    optional: true

  '@rollup/rollup-darwin-arm64@4.16.4':
    optional: true

  '@rollup/rollup-darwin-x64@4.16.4':
    optional: true

  '@rollup/rollup-linux-arm-gnueabihf@4.16.4':
    optional: true

  '@rollup/rollup-linux-arm-musleabihf@4.16.4':
    optional: true

  '@rollup/rollup-linux-arm64-gnu@4.16.4':
    optional: true

  '@rollup/rollup-linux-arm64-musl@4.16.4':
    optional: true

  '@rollup/rollup-linux-powerpc64le-gnu@4.16.4':
    optional: true

  '@rollup/rollup-linux-riscv64-gnu@4.16.4':
    optional: true

  '@rollup/rollup-linux-s390x-gnu@4.16.4':
    optional: true

  '@rollup/rollup-linux-x64-gnu@4.16.4':
    optional: true

  '@rollup/rollup-linux-x64-musl@4.16.4':
    optional: true

  '@rollup/rollup-win32-arm64-msvc@4.16.4':
    optional: true

  '@rollup/rollup-win32-ia32-msvc@4.16.4':
    optional: true

  '@rollup/rollup-win32-x64-msvc@4.16.4':
    optional: true

  '@types/estree@1.0.5': {}

  '@types/prop-types@15.7.12': {}

  '@types/react-dom@18.2.25':
    dependencies:
      '@types/react': 18.2.79

  '@types/react@18.2.79':
    dependencies:
      '@types/prop-types': 15.7.12
      csstype: 3.1.3

  ansi-regex@5.0.1: {}

  ansi-regex@6.0.1: {}

  ansi-styles@4.3.0:
    dependencies:
      color-convert: 2.0.1

  ansi-styles@6.2.1: {}

  anymatch@3.1.3:
    dependencies:
      normalize-path: 3.0.0
      picomatch: 2.3.1

  array-union@2.1.0: {}

  balanced-match@1.0.2: {}

  binary-extensions@2.3.0: {}

  brace-expansion@2.0.1:
    dependencies:
      balanced-match: 1.0.2

  braces@3.0.2:
    dependencies:
      fill-range: 7.0.1

  chokidar@3.6.0:
    dependencies:
      anymatch: 3.1.3
      braces: 3.0.2
      glob-parent: 5.1.2
      is-binary-path: 2.1.0
      is-glob: 4.0.3
      normalize-path: 3.0.0
      readdirp: 3.6.0
    optionalDependencies:
      fsevents: 2.3.3

  color-convert@2.0.1:
    dependencies:
      color-name: 1.1.4

  color-name@1.1.4: {}

  commander@9.5.0: {}

  cross-spawn@7.0.3:
    dependencies:
      path-key: 3.1.1
      shebang-command: 2.0.0
      which: 2.0.2

  csstype@3.1.3: {}

  dir-glob@3.0.1:
    dependencies:
      path-type: 4.0.0

  eastasianwidth@0.2.0: {}

  emoji-regex@8.0.0: {}

  emoji-regex@9.2.2: {}

  estree-walker@2.0.2: {}

  fast-glob@3.3.2:
    dependencies:
      '@nodelib/fs.stat': 2.0.5
      '@nodelib/fs.walk': 1.2.8
      glob-parent: 5.1.2
      merge2: 1.4.1
      micromatch: 4.0.5

  fastq@1.17.1:
    dependencies:
      reusify: 1.0.4

  fill-range@7.0.1:
    dependencies:
      to-regex-range: 5.0.1

  foreground-child@3.1.1:
    dependencies:
      cross-spawn: 7.0.3
      signal-exit: 4.1.0

  fsevents@2.3.3:
    optional: true

  function-bind@1.1.2: {}

  glob-parent@5.1.2:
    dependencies:
      is-glob: 4.0.3

  glob@10.3.12:
    dependencies:
      foreground-child: 3.1.1
      jackspeak: 2.3.6
      minimatch: 9.0.4
      minipass: 7.0.4
      path-scurry: 1.10.2

  globby@11.1.0:
    dependencies:
      array-union: 2.1.0
      dir-glob: 3.0.1
      fast-glob: 3.3.2
      ignore: 5.3.1
      merge2: 1.4.1
      slash: 3.0.0

  hasown@2.0.2:
    dependencies:
      function-bind: 1.1.2

  ignore@5.3.1: {}

  is-binary-path@2.1.0:
    dependencies:
      binary-extensions: 2.3.0

  is-core-module@2.13.1:
    dependencies:
      hasown: 2.0.2

  is-extglob@2.1.1: {}

  is-fullwidth-code-point@3.0.0: {}

  is-glob@4.0.3:
    dependencies:
      is-extglob: 2.1.1

  is-number@7.0.0: {}

  isexe@2.0.0: {}

  jackspeak@2.3.6:
    dependencies:
      '@isaacs/cliui': 8.0.2
    optionalDependencies:
      '@pkgjs/parseargs': 0.11.0

  js-tokens@4.0.0: {}

  loose-envify@1.4.0:
    dependencies:
      js-tokens: 4.0.0

  lru-cache@10.2.0: {}

  magic-string@0.30.10:
    dependencies:
      '@jridgewell/sourcemap-codec': 1.4.15

  merge2@1.4.1: {}

  micromatch@4.0.5:
    dependencies:
      braces: 3.0.2
      picomatch: 2.3.1

  minimatch@9.0.4:
    dependencies:
      brace-expansion: 2.0.1

  minipass@7.0.4: {}

  mylas@2.1.13: {}

  normalize-path@3.0.0: {}

  path-key@3.1.1: {}

  path-parse@1.0.7: {}

  path-scurry@1.10.2:
    dependencies:
      lru-cache: 10.2.0
      minipass: 7.0.4

  path-type@4.0.0: {}

  picomatch@2.3.1: {}

  plimit-lit@1.6.1:
    dependencies:
      queue-lit: 1.5.2

  prettier@3.2.5: {}

  queue-lit@1.5.2: {}

  queue-microtask@1.2.3: {}

  react-dom@18.2.0(react@18.2.0):
    dependencies:
      loose-envify: 1.4.0
      react: 18.2.0
      scheduler: 0.23.0

  react@18.2.0:
    dependencies:
      loose-envify: 1.4.0

  readdirp@3.6.0:
    dependencies:
      picomatch: 2.3.1

  resolve@1.22.8:
    dependencies:
      is-core-module: 2.13.1
      path-parse: 1.0.7
      supports-preserve-symlinks-flag: 1.0.0

  reusify@1.0.4: {}

  rimraf@5.0.5:
    dependencies:
      glob: 10.3.12

  rollup@4.16.4:
    dependencies:
      '@types/estree': 1.0.5
    optionalDependencies:
      '@rollup/rollup-android-arm-eabi': 4.16.4
      '@rollup/rollup-android-arm64': 4.16.4
      '@rollup/rollup-darwin-arm64': 4.16.4
      '@rollup/rollup-darwin-x64': 4.16.4
      '@rollup/rollup-linux-arm-gnueabihf': 4.16.4
      '@rollup/rollup-linux-arm-musleabihf': 4.16.4
      '@rollup/rollup-linux-arm64-gnu': 4.16.4
      '@rollup/rollup-linux-arm64-musl': 4.16.4
      '@rollup/rollup-linux-powerpc64le-gnu': 4.16.4
      '@rollup/rollup-linux-riscv64-gnu': 4.16.4
      '@rollup/rollup-linux-s390x-gnu': 4.16.4
      '@rollup/rollup-linux-x64-gnu': 4.16.4
      '@rollup/rollup-linux-x64-musl': 4.16.4
      '@rollup/rollup-win32-arm64-msvc': 4.16.4
      '@rollup/rollup-win32-ia32-msvc': 4.16.4
      '@rollup/rollup-win32-x64-msvc': 4.16.4
      fsevents: 2.3.3

  run-parallel@1.2.0:
    dependencies:
      queue-microtask: 1.2.3

  scheduler@0.23.0:
    dependencies:
      loose-envify: 1.4.0

  shebang-command@2.0.0:
    dependencies:
      shebang-regex: 3.0.0

  shebang-regex@3.0.0: {}

  signal-exit@4.1.0: {}

  slash@3.0.0: {}

  string-width@4.2.3:
    dependencies:
      emoji-regex: 8.0.0
      is-fullwidth-code-point: 3.0.0
      strip-ansi: 6.0.1

  string-width@5.1.2:
    dependencies:
      eastasianwidth: 0.2.0
      emoji-regex: 9.2.2
      strip-ansi: 7.1.0

  strip-ansi@6.0.1:
    dependencies:
      ansi-regex: 5.0.1

  strip-ansi@7.1.0:
    dependencies:
      ansi-regex: 6.0.1

  supports-preserve-symlinks-flag@1.0.0: {}

  to-regex-range@5.0.1:
    dependencies:
      is-number: 7.0.0

  tsc-alias@1.8.8:
    dependencies:
      chokidar: 3.6.0
      commander: 9.5.0
      globby: 11.1.0
      mylas: 2.1.13
      normalize-path: 3.0.0
      plimit-lit: 1.6.1

  tslib@2.6.2: {}

  typescript@5.4.5: {}

  which@2.0.2:
    dependencies:
      isexe: 2.0.0

  wrap-ansi@7.0.0:
    dependencies:
      ansi-styles: 4.3.0
      string-width: 4.2.3
      strip-ansi: 6.0.1

  wrap-ansi@8.1.0:
    dependencies:
      ansi-styles: 6.2.1
      string-width: 5.1.2
      strip-ansi: 7.1.0
